
Microsoft Visual Studio Solution File, Format Version 12.00
# Visual Studio Version 16
VisualStudioVersion = 16.0.31105.61
MinimumVisualStudioVersion = 10.0.40219.1
Project("{FAE04EC0-301F-11D3-BF4B-00C04F79EFBC}") = "Lab5", "Lab5.csproj", "{70BC7D55-35D3-4D7E-882E-1200EC66BC90}"
EndProject
Global
	GlobalSection(SolutionConfigurationPlatforms) = preSolution
		Debug|Any CPU = Debug|Any CPU
		Release|Any CPU = Release|Any CPU
	EndGlobalSection
	GlobalSection(ProjectConfigurationPlatforms) = postSolution
		{70BC7D55-35D3-4D7E-882E-1200EC66BC90}.Debug|Any CPU.ActiveCfg = Debug|Any CPU
		{70BC7D55-35D3-4D7E-882E-1200EC66BC90}.Debug|Any CPU.Build.0 = Debug|Any CPU
		{70BC7D55-35D3-4D7E-882E-1200EC66BC90}.Release|Any CPU.ActiveCfg = Release|Any CPU
		{70BC7D55-35D3-4D7E-882E-1200EC66BC90}.Release|Any CPU.Build.0 = Release|Any CPU
	EndGlobalSection
	GlobalSection(SolutionProperties) = preSolution
		HideSolutionNode = FALSE
	EndGlobalSection
	GlobalSection(ExtensibilityGlobals) = postSolution
		SolutionGuid = {16C9F127-2750-4967-93B4-AE15A84A96AE}
	EndGlobalSection
EndGlobal
